{
  "name": "poc-playcanvas-splat-viewer",
  "version": "1.0.0",
  "lockfileVersion": 3,
  "requires": true,
  "packages": {
    "": {
      "name": "poc-playcanvas-splat-viewer",
      "version": "1.0.0",
      "license": "ISC",
      "dependencies": {
        "@playcanvas/supersplat-viewer": "^1.30.2"
      }
    },
    "node_modules/@playcanvas/supersplat-viewer": {
      "version": "1.30.2",
      "resolved": "https://registry.npmjs.org/@playcanvas/supersplat-viewer/-/supersplat-viewer-1.30.2.tgz",
      "integrity": "sha512-iYK0LuJXOesCEAx8Cs10Q21gzivXwfRJlqcf+tpFbQHzlTSL988LhHMfSBgCXpub0KG+q8oi3QoIUk5/m/d9Ng==",
      "license": "MIT",
      "engines": {
        "node": ">=20.0.0"
      }
    }
  }
}
